
Microsoft Visual Studio Solution File, Format Version 12.00
# Visual Studio Version 17
VisualStudioVersion = 17.13.35828.75 d17.13
MinimumVisualStudioVersion = 10.0.40219.1
Project("{FAE04EC0-301F-11D3-BF4B-00C04F79EFBC}") = "Shared", "Shared\Shared.csproj", "{4EDB6A8A-DE69-4D6F-9E9E-8CFF0A970D62}"
EndProject
Project("{FAE04EC0-301F-11D3-BF4B-00C04F79EFBC}") = "ApiGateway", "ApiGateway\ApiGateway.csproj", "{C3D29674-0070-457C-8DB2-2F9B96C1FE30}"
EndProject
Project("{FAE04EC0-301F-11D3-BF4B-00C04F79EFBC}") = "OrdersService", "OrdersService\OrdersService.csproj", "{6E075D71-5892-4BD9-B01C-F798E28E0AD3}"
	ProjectSection(ProjectDependencies) = postProject
		{4EDB6A8A-DE69-4D6F-9E9E-8CFF0A970D62} = {4EDB6A8A-DE69-4D6F-9E9E-8CFF0A970D62}
	EndProjectSection
EndProject
Project("{FAE04EC0-301F-11D3-BF4B-00C04F79EFBC}") = "PaymentsService", "PaymentsService\PaymentsService.csproj", "{08221160-34BF-44AE-A77E-B008A330328C}"
	ProjectSection(ProjectDependencies) = postProject
		{4EDB6A8A-DE69-4D6F-9E9E-8CFF0A970D62} = {4EDB6A8A-DE69-4D6F-9E9E-8CFF0A970D62}
	EndProjectSection
EndProject
Global
	GlobalSection(SolutionConfigurationPlatforms) = preSolution
		Debug|Any CPU = Debug|Any CPU
		Release|Any CPU = Release|Any CPU
	EndGlobalSection
	GlobalSection(ProjectConfigurationPlatforms) = postSolution
		{4EDB6A8A-DE69-4D6F-9E9E-8CFF0A970D62}.Debug|Any CPU.ActiveCfg = Debug|Any CPU
		{4EDB6A8A-DE69-4D6F-9E9E-8CFF0A970D62}.Debug|Any CPU.Build.0 = Debug|Any CPU
		{4EDB6A8A-DE69-4D6F-9E9E-8CFF0A970D62}.Release|Any CPU.ActiveCfg = Release|Any CPU
		{4EDB6A8A-DE69-4D6F-9E9E-8CFF0A970D62}.Release|Any CPU.Build.0 = Release|Any CPU
		{C3D29674-0070-457C-8DB2-2F9B96C1FE30}.Debug|Any CPU.ActiveCfg = Debug|Any CPU
		{C3D29674-0070-457C-8DB2-2F9B96C1FE30}.Debug|Any CPU.Build.0 = Debug|Any CPU
		{C3D29674-0070-457C-8DB2-2F9B96C1FE30}.Release|Any CPU.ActiveCfg = Release|Any CPU
		{C3D29674-0070-457C-8DB2-2F9B96C1FE30}.Release|Any CPU.Build.0 = Release|Any CPU
		{6E075D71-5892-4BD9-B01C-F798E28E0AD3}.Debug|Any CPU.ActiveCfg = Debug|Any CPU
		{6E075D71-5892-4BD9-B01C-F798E28E0AD3}.Debug|Any CPU.Build.0 = Debug|Any CPU
		{6E075D71-5892-4BD9-B01C-F798E28E0AD3}.Release|Any CPU.ActiveCfg = Release|Any CPU
		{6E075D71-5892-4BD9-B01C-F798E28E0AD3}.Release|Any CPU.Build.0 = Release|Any CPU
		{08221160-34BF-44AE-A77E-B008A330328C}.Debug|Any CPU.ActiveCfg = Debug|Any CPU
		{08221160-34BF-44AE-A77E-B008A330328C}.Debug|Any CPU.Build.0 = Debug|Any CPU
		{08221160-34BF-44AE-A77E-B008A330328C}.Release|Any CPU.ActiveCfg = Release|Any CPU
		{08221160-34BF-44AE-A77E-B008A330328C}.Release|Any CPU.Build.0 = Release|Any CPU
	EndGlobalSection
	GlobalSection(SolutionProperties) = preSolution
		HideSolutionNode = FALSE
	EndGlobalSection
	GlobalSection(ExtensibilityGlobals) = postSolution
		SolutionGuid = {2E6D2452-AB85-4CA8-913F-12322FDEDE0C}
	EndGlobalSection
EndGlobal
